
Microsoft Visual Studio Solution File, Format Version 12.00
# Visual Studio Version 17
VisualStudioVersion = 17.4.33110.190
MinimumVisualStudioVersion = 10.0.40219.1
Project("{FAE04EC0-301F-11D3-BF4B-00C04F79EFBC}") = "MobileHealthTracker", "MobileHealthTracker\MobileHealthTracker.csproj", "{CFA2001F-BCD7-4A58-B916-BC14A716DDEC}"
EndProject
Global
	GlobalSection(SolutionConfigurationPlatforms) = preSolution
		Debug|Any CPU = Debug|Any CPU
		Release|Any CPU = Release|Any CPU
	EndGlobalSection
	GlobalSection(ProjectConfigurationPlatforms) = postSolution
		{CFA2001F-BCD7-4A58-B916-BC14A716DDEC}.Debug|Any CPU.ActiveCfg = Debug|Any CPU
		{CFA2001F-BCD7-4A58-B916-BC14A716DDEC}.Debug|Any CPU.Build.0 = Debug|Any CPU
		{CFA2001F-BCD7-4A58-B916-BC14A716DDEC}.Release|Any CPU.ActiveCfg = Release|Any CPU
		{CFA2001F-BCD7-4A58-B916-BC14A716DDEC}.Release|Any CPU.Build.0 = Release|Any CPU
	EndGlobalSection
	GlobalSection(SolutionProperties) = preSolution
		HideSolutionNode = FALSE
	EndGlobalSection
	GlobalSection(ExtensibilityGlobals) = postSolution
		SolutionGuid = {B71DB540-C21C-4959-B595-163550731994}
	EndGlobalSection
EndGlobal
